// !$*UTF8*$!
{
	archiveVersion = 1;
	classes = {
	};
	objectVersion = 77;
	objects = {

/* Begin PBXBuildFile section */
		0091AF0456D228842D186C2C /* SessionCompletionService.swift in Sources */ = {isa = PBXBuildFile; fileRef = 2CE3F04F8860040A25A34C2B /* SessionCompletionService.swift */; };
		05080A031D41209288FEE148 /* ContentPackImporter.swift in Sources */ = {isa = PBXBuildFile; fileRef = 4A04F252E27E28DF01552C53 /* ContentPackImporter.swift */; };
		0534CECAC47EA9D08150CA8C /* ReportExporter.swift in Sources */ = {isa = PBXBuildFile; fileRef = 00776E81B6CB9F167AFFAA6D /* ReportExporter.swift */; };
		06A1CFFE5AB13C93661D2A87 /* PoCCompletionService.swift in Sources */ = {isa = PBXBuildFile; fileRef = F3D8C4C114A97ED7CF38907F /* PoCCompletionService.swift */; };
		0740D4D889634086C2E93A02 /* MarketingScreenshotTests.swift in Sources */ = {isa = PBXBuildFile; fileRef = C44B15B95B7DC8960BC27B65 /* MarketingScreenshotTests.swift */; };
		1A4254C45A09AFC83C4FCFB6 /* TrainingGoal.swift in Sources */ = {isa = PBXBuildFile; fileRef = C74984B6C93887A8F2505E7E /* TrainingGoal.swift */; };
		1E4CCEA3972E393A8114AA30 /* Phase3CatalogFlowTests.swift in Sources */ = {isa = PBXBuildFile; fileRef = D075FDD1F407DC8A2FFBCB85 /* Phase3CatalogFlowTests.swift */; };
		1FF66A24B4A10A392FB6D5E2 /* CatalogPhase3Tests.swift in Sources */ = {isa = PBXBuildFile; fileRef = 56DC916DF8F1E2E6DDB9C97F /* CatalogPhase3Tests.swift */; };
		22531DCD926CAE9F159B6C96 /* AppLock.swift in Sources */ = {isa = PBXBuildFile; fileRef = 854F441BF295995B1CB13D4C /* AppLock.swift */; };
		228B93EFB64B3C7897D81556 /* PeopleModels.swift in Sources */ = {isa = PBXBuildFile; fileRef = 68807CFA3BCBC0A7995189C9 /* PeopleModels.swift */; };
		2345A297F92747C6D69C0855 /* PeopleDetails.swift in Sources */ = {isa = PBXBuildFile; fileRef = D5A793B74C08366A563A5A48 /* PeopleDetails.swift */; };
		2686DBBE4757BC2A91A7F420 /* DemoScenario.swift in Sources */ = {isa = PBXBuildFile; fileRef = DA22129E1BC814B0F0D20E6C /* DemoScenario.swift */; };
		29D9C2B57AB2801D0A9F4DFC /* content-pack-v1.schema.json in Resources */ = {isa = PBXBuildFile; fileRef = B9D115AD309AD047B010FC72 /* content-pack-v1.schema.json */; };
		37999A4EDC52C5AEC1653907 /* SessionModels.swift in Sources */ = {isa = PBXBuildFile; fileRef = F345F01DCF6A2FC855C82450 /* SessionModels.swift */; };
		38F72C392A824AD5DC15B739 /* AppDependencies.swift in Sources */ = {isa = PBXBuildFile; fileRef = 59B84BDAE678862742001133 /* AppDependencies.swift */; };
		39933592660F3889FBAA87A2 /* ReportRepository.swift in Sources */ = {isa = PBXBuildFile; fileRef = CF01272775A61269969E91D9 /* ReportRepository.swift */; };
		3C12B975302EB46D929694FA /* TrainingTemplateRepository.swift in Sources */ = {isa = PBXBuildFile; fileRef = 7F1AB00BC6A9872DD6FB26EF /* TrainingTemplateRepository.swift */; };
		413AB901617200BCE87360ED /* ModelContainerFactory.swift in Sources */ = {isa = PBXBuildFile; fileRef = 71242865871BEA355BF0262F /* ModelContainerFactory.swift */; };
		44F8B6D6B75FDA022E1077B7 /* ContentPackDocument.swift in Sources */ = {isa = PBXBuildFile; fileRef = 2480331F3109B8047FABFF0F /* ContentPackDocument.swift */; };
		4629A66F0EC301C22461B412 /* SessionDomain.swift in Sources */ = {isa = PBXBuildFile; fileRef = 8C312E4540E7401DAEA151FC /* SessionDomain.swift */; };
		46B37345AABD161378F26965 /* Products.storekit in Resources */ = {isa = PBXBuildFile; fileRef = B82D8D1DAB96AA60492CBA9F /* Products.storekit */; };
		49A805372FB785BDFB36F92C /* PeopleRootView.swift in Sources */ = {isa = PBXBuildFile; fileRef = 42DA89BE78168B8A93FE7C71 /* PeopleRootView.swift */; };
		4D57BDF82D2807089C6DDB28 /* SessionCompletionView.swift in Sources */ = {isa = PBXBuildFile; fileRef = 3D8E32CCA577F8D9956535AB /* SessionCompletionView.swift */; };
		4D6772E59B47C0A0A08C83EE /* SwiftDataPeopleRepository.swift in Sources */ = {isa = PBXBuildFile; fileRef = E4D2695A66FAAB833E501D5E /* SwiftDataPeopleRepository.swift */; };
		4F763CF87738D87CE65FF6A3 /* EntitlementDomain.swift in Sources */ = {isa = PBXBuildFile; fileRef = 2E05E60F99DCB117FE88AE75 /* EntitlementDomain.swift */; };
		5A92D6DD1AA625219F6363D2 /* DataControlTests.swift in Sources */ = {isa = PBXBuildFile; fileRef = 92F2294417FD40D83A937278 /* DataControlTests.swift */; };
		5CA569B292C6590F48B9AC4F /* ReportComposer.swift in Sources */ = {isa = PBXBuildFile; fileRef = ED32164E99216CF965E1A2A6 /* ReportComposer.swift */; };
		616FF0CB0785D276DD611313 /* PeopleDomain.swift in Sources */ = {isa = PBXBuildFile; fileRef = A112432829B9A3B23F2F4ECA /* PeopleDomain.swift */; };
		623056E769B16DC312060E62 /* CommerceAndCatalogTests.swift in Sources */ = {isa = PBXBuildFile; fileRef = 7151265CA631C27F8549C50B /* CommerceAndCatalogTests.swift */; };
		6267DC3DADEA876F2DDD00F3 /* DataBackupService.swift in Sources */ = {isa = PBXBuildFile; fileRef = 81AE119904176185BB13C2ED /* DataBackupService.swift */; };
		64774025D1F2F70B8078D2FF /* DiagnosticExportTests.swift in Sources */ = {isa = PBXBuildFile; fileRef = 0A31DE12E8E2ACE69F8B2BD6 /* DiagnosticExportTests.swift */; };
		6797CB573184F2F1140DB97B /* IntakeDraftAutosave.swift in Sources */ = {isa = PBXBuildFile; fileRef = 9F5B02FA83EDC16C2F4A8DB9 /* IntakeDraftAutosave.swift */; };
		68EC44231A54C3A01E9FD573 /* DogPhotoStoreTests.swift in Sources */ = {isa = PBXBuildFile; fileRef = 1767F8DF4D6AE2B4F76A2C47 /* DogPhotoStoreTests.swift */; };
		7469E745397BFC73B8106A2D /* PoCModels.swift in Sources */ = {isa = PBXBuildFile; fileRef = 0922B16CD4E21463D60D6486 /* PoCModels.swift */; };
		7B14166B2EB2E4AF9E033E0B /* Phase0CompletionSmokeTests.swift in Sources */ = {isa = PBXBuildFile; fileRef = 728FE7EE28262254C448F6DE /* Phase0CompletionSmokeTests.swift */; };
		8017E1694EC7A2648397ED43 /* AppLockTests.swift in Sources */ = {isa = PBXBuildFile; fileRef = DA0B045ED6B71FCB5D458A42 /* AppLockTests.swift */; };
		8068D705E16004C8D6776D66 /* ContentModels.swift in Sources */ = {isa = PBXBuildFile; fileRef = 7F9AE1A2A6ED7E39291C6195 /* ContentModels.swift */; };
		86EB16609ECD3B5E64D97106 /* SessionsRootView.swift in Sources */ = {isa = PBXBuildFile; fileRef = 060B272F0E5C70376FC91C78 /* SessionsRootView.swift */; };
		880593F7336DDBE4FF33937E /* PersistenceProvider.swift in Sources */ = {isa = PBXBuildFile; fileRef = 941F2295C323003B049EF37C /* PersistenceProvider.swift */; };
		8A7F8896AFDB395CDA76B7CC /* DataControlRootView.swift in Sources */ = {isa = PBXBuildFile; fileRef = A9E094C938FFF8B798A42694 /* DataControlRootView.swift */; };
		92B19D09FDF2694556970B2D /* Phase5PackagesFlowTests.swift in Sources */ = {isa = PBXBuildFile; fileRef = 84CC22883FDBCE1F800E074B /* Phase5PackagesFlowTests.swift */; };
		9389605DE98CF2BF28A374D4 /* SyncSpike.swift in Sources */ = {isa = PBXBuildFile; fileRef = 8F70F7F964E0DD316D28FE58 /* SyncSpike.swift */; };
		94EE5AA54AEDC1A0050A5DF9 /* PackageModels.swift in Sources */ = {isa = PBXBuildFile; fileRef = 31770C96C7BFF110D00C10E3 /* PackageModels.swift */; };
		97C9A4079F5E991C5C71A63D /* IntakeDraftTests.swift in Sources */ = {isa = PBXBuildFile; fileRef = 769A74746AB14453D09FCA38 /* IntakeDraftTests.swift */; };
		9DB7992786859AB78EFAA18C /* Localizable.xcstrings in Resources */ = {isa = PBXBuildFile; fileRef = B4D876647427A02F3F5CE167 /* Localizable.xcstrings */; };
		9E029F0EA2E54C4B9D5351C4 /* SessionPhase4Tests.swift in Sources */ = {isa = PBXBuildFile; fileRef = 8E53AFA3E09E90F54944A3C9 /* SessionPhase4Tests.swift */; };
		A14D773D2EF4CD697E08B4C8 /* Phase6DataControlTests.swift in Sources */ = {isa = PBXBuildFile; fileRef = 8CF096E3A67C2F20A61033E1 /* Phase6DataControlTests.swift */; };
		A14F7C1690CFF45F78D5CCD5 /* Repository.swift in Sources */ = {isa = PBXBuildFile; fileRef = 22405B0B6CA30BC50C1FC22B /* Repository.swift */; };
		A1CE1DFFADED43921874453D /* PackageDomain.swift in Sources */ = {isa = PBXBuildFile; fileRef = 7B119A839899F85C9C3E4E09 /* PackageDomain.swift */; };
		A1EE960466C582460A1EA927 /* Phase4SessionFlowTests.swift in Sources */ = {isa = PBXBuildFile; fileRef = A661DD9DC202312325EF5DCD /* Phase4SessionFlowTests.swift */; };
		A3AD33E2D7E227B8DB121D3C /* PaywallView.swift in Sources */ = {isa = PBXBuildFile; fileRef = E410FE3E2CC625AD2242CCEA /* PaywallView.swift */; };
		A5C19F14540A09A60137507D /* Phase7PaywallTests.swift in Sources */ = {isa = PBXBuildFile; fileRef = F9C562BF994ACBA03D25EF75 /* Phase7PaywallTests.swift */; };
		A7C243B40470C03AF7A5B06C /* DogCoachSchemaV1.swift in Sources */ = {isa = PBXBuildFile; fileRef = 9FCC0585D803FA3679B46029 /* DogCoachSchemaV1.swift */; };
		ACCE6628673B8EFD868032D7 /* ExerciseRepository.swift in Sources */ = {isa = PBXBuildFile; fileRef = 7C901A5538C35DA2C365E7E1 /* ExerciseRepository.swift */; };
		AD3D3442055D8A7E5F9FF617 /* StoreManager.swift in Sources */ = {isa = PBXBuildFile; fileRef = 8E320D3F044B77A528DA9C97 /* StoreManager.swift */; };
		AD9F6A8BC760ADFD1BB50428 /* ClientDogRoleTests.swift in Sources */ = {isa = PBXBuildFile; fileRef = 9F00FA3709706DB4E6707603 /* ClientDogRoleTests.swift */; };
		ADA11D189DD10120A408ACAF /* PeopleUseCases.swift in Sources */ = {isa = PBXBuildFile; fileRef = CF580128DB016449D6010C4E /* PeopleUseCases.swift */; };
		AF2FCBE353819619C92CB40E /* SessionCompletionPoCTests.swift in Sources */ = {isa = PBXBuildFile; fileRef = 3345D1B6756305731642469A /* SessionCompletionPoCTests.swift */; };
		B69EE2CFAA5F78385AF52EA7 /* CatalogDomain.swift in Sources */ = {isa = PBXBuildFile; fileRef = 1124B1F7C9C94CA962239A24 /* CatalogDomain.swift */; };
		B7074C55E58BB90CD9A8FC87 /* SchemaV1Validators.swift in Sources */ = {isa = PBXBuildFile; fileRef = F6B1E0CBBD7C80F073FC452A /* SchemaV1Validators.swift */; };
		B8005EB287D53974B6925E5F /* PackagesRootView.swift in Sources */ = {isa = PBXBuildFile; fileRef = 9BF2E0298B952F1616B6DBAF /* PackagesRootView.swift */; };
		BB960F7EFBDA60B453465C1C /* schema-v1.json in Resources */ = {isa = PBXBuildFile; fileRef = E1D10E56401779098C96C477 /* schema-v1.json */; };
		BBD555FC70A7825E1F4C7D6A /* DogCoachStudioApp.swift in Sources */ = {isa = PBXBuildFile; fileRef = 501C67F09D7EA87D4544CBF5 /* DogCoachStudioApp.swift */; };
		C13517CBA8083C23CB039D6C /* ScheduledSessionRepository.swift in Sources */ = {isa = PBXBuildFile; fileRef = 9B7965E8E638072CE47C4B4C /* ScheduledSessionRepository.swift */; };
		C2F8FE5341CBB7676F835905 /* Assets.xcassets in Resources */ = {isa = PBXBuildFile; fileRef = CBAC47A9E9EA348A7ACB4626 /* Assets.xcassets */; };
		C3D1797C7033E3F6BFDC7B50 /* CatalogRootView.swift in Sources */ = {isa = PBXBuildFile; fileRef = 2E57391333BF794993FE8ED7 /* CatalogRootView.swift */; };
		C6ADBA0307CD74EB67307ED1 /* AppEnvironmentInjectionTests.swift in Sources */ = {isa = PBXBuildFile; fileRef = 8A7FE855C3ADC67B97A3092D /* AppEnvironmentInjectionTests.swift */; };
		C759F59766D2126E4A0B4F00 /* PeopleWorkflowEditors.swift in Sources */ = {isa = PBXBuildFile; fileRef = 046E54DE900716BE1B81A64A /* PeopleWorkflowEditors.swift */; };
		CA573E57CC321142660B8FB2 /* AppEnvironment.swift in Sources */ = {isa = PBXBuildFile; fileRef = F5055EB1D051B5EEBD8F8B09 /* AppEnvironment.swift */; };
		CEF44A83BF141B6B9DB8B4B3 /* PeopleEditors.swift in Sources */ = {isa = PBXBuildFile; fileRef = 522EA1A0C1F422E495B721D3 /* PeopleEditors.swift */; };
		D1ED9AEDAE4BC7114E199FFC /* IntakeDraft.swift in Sources */ = {isa = PBXBuildFile; fileRef = DFB57BC11A3DACE4D39866C0 /* IntakeDraft.swift */; };
		DD0B2990C92425279BC5DA37 /* PackageLedgerRepository.swift in Sources */ = {isa = PBXBuildFile; fileRef = EEDE0E1F1AF951850487836D /* PackageLedgerRepository.swift */; };
		E43B17DE455751EB66104A6D /* SchemaV1ValidatorTests.swift in Sources */ = {isa = PBXBuildFile; fileRef = 0E9A4E5A4FAB3B238274462A /* SchemaV1ValidatorTests.swift */; };
		E544D134D26110635B59264B /* TrainingGoalTests.swift in Sources */ = {isa = PBXBuildFile; fileRef = 42DEE172E7B34964FA6AB6AB /* TrainingGoalTests.swift */; };
		E5D3CC15AE6CE987B0179E51 /* PackageAndReportTests.swift in Sources */ = {isa = PBXBuildFile; fileRef = 921813D7BA7EB18ADE8A1E8A /* PackageAndReportTests.swift */; };
		E72C058E24998D2896A916DA /* CodableAttribute.swift in Sources */ = {isa = PBXBuildFile; fileRef = 950B467108F60031C81146AE /* CodableAttribute.swift */; };
		E7DFE5473FA0F1F463BA412D /* DataLifecycleService.swift in Sources */ = {isa = PBXBuildFile; fileRef = E7D7493BBFF4A6E35CDCC356 /* DataLifecycleService.swift */; };
		E86C6DF785FEAE0A5F82781E /* TrainingGoalRepository.swift in Sources */ = {isa = PBXBuildFile; fileRef = 061109A51109C155DCF8C9FC /* TrainingGoalRepository.swift */; };
		E914A4814F0BB27DD471C266 /* SessionCompletionModel.swift in Sources */ = {isa = PBXBuildFile; fileRef = 008B799EC452E851A555E745 /* SessionCompletionModel.swift */; };
		EC0A99A923C7A2998927A85E /* TemplateDomain.swift in Sources */ = {isa = PBXBuildFile; fileRef = 97C4C8E041763B95792B28B3 /* TemplateDomain.swift */; };
		EF032B6120CF62E16072BAA3 /* SyncAndHardeningTests.swift in Sources */ = {isa = PBXBuildFile; fileRef = E532510D836FD061014B84B6 /* SyncAndHardeningTests.swift */; };
		EFCBF166A5F83E9E7AA762AD /* IntakeRepository.swift in Sources */ = {isa = PBXBuildFile; fileRef = 5BAE9A941C537C272B0DE6B6 /* IntakeRepository.swift */; };
		F31CBA4EF166D3113AD89082 /* DogPhotoSupport.swift in Sources */ = {isa = PBXBuildFile; fileRef = 88F975FBBDDF6BA1C9602267 /* DogPhotoSupport.swift */; };
		F391C41E1463A1BA44DDCD95 /* AppError.swift in Sources */ = {isa = PBXBuildFile; fileRef = F495584603391EA367A0F2F8 /* AppError.swift */; };
		F506A364E609FCA5FEC8A51C /* AppErrorMappingTests.swift in Sources */ = {isa = PBXBuildFile; fileRef = 54DABF5A9B22638916F3B782 /* AppErrorMappingTests.swift */; };
		F576FE63EDDBBC20DF0BFA3E /* foundation-v1.json in Resources */ = {isa = PBXBuildFile; fileRef = 3810B4CF7EA84FDCE15C5E2A /* foundation-v1.json */; };
		F93A01BF348570A62059959F /* PeopleUseCasesTests.swift in Sources */ = {isa = PBXBuildFile; fileRef = 9FDB5B7722D15769AB240A52 /* PeopleUseCasesTests.swift */; };
		F955346A4E191EB70F3C8A12 /* Phase2PeopleFlowTests.swift in Sources */ = {isa = PBXBuildFile; fileRef = DC8B1E5B3B0AD942DE409CAA /* Phase2PeopleFlowTests.swift */; };
		FC901E3C80C6D441F0C23FE0 /* PeopleFeatureModel.swift in Sources */ = {isa = PBXBuildFile; fileRef = 95AB17CF3731D2F489C3D3E3 /* PeopleFeatureModel.swift */; };
		FD54058D6426803B31AB7E0F /* DemoDataSeeder.swift in Sources */ = {isa = PBXBuildFile; fileRef = FBA0055C17CBFBD25E10DA5F /* DemoDataSeeder.swift */; };
		FDFC79EAC68EE5B9B285E39E /* SchemaV1PersistenceTests.swift in Sources */ = {isa = PBXBuildFile; fileRef = B31E5FDE27DCA7DE5DE7E3D9 /* SchemaV1PersistenceTests.swift */; };
		FF8A9740F2AAD7791BD7F898 /* Diagnostics.swift in Sources */ = {isa = PBXBuildFile; fileRef = AAA7538FCAFEB74706A704C6 /* Diagnostics.swift */; };
/* End PBXBuildFile section */

/* Begin PBXContainerItemProxy section */
		9CD10524F67D210053A3747E /* PBXContainerItemProxy */ = {
			isa = PBXContainerItemProxy;
			containerPortal = 07662834752A091DEE85B20C /* Project object */;
			proxyType = 1;
			remoteGlobalIDString = D2EFA4B7FDFDFEB6691EDD27;
			remoteInfo = DogCoachStudio;
		};
		D74A9DABBF2335F1254B7056 /* PBXContainerItemProxy */ = {
			isa = PBXContainerItemProxy;
			containerPortal = 07662834752A091DEE85B20C /* Project object */;
			proxyType = 1;
			remoteGlobalIDString = D2EFA4B7FDFDFEB6691EDD27;
			remoteInfo = DogCoachStudio;
		};
/* End PBXContainerItemProxy section */

/* Begin PBXFileReference section */
		00776E81B6CB9F167AFFAA6D /* ReportExporter.swift */ = {isa = PBXFileReference; lastKnownFileType = sourcecode.swift; path = ReportExporter.swift; sourceTree = "<group>"; };
		008B799EC452E851A555E745 /* SessionCompletionModel.swift */ = {isa = PBXFileReference; lastKnownFileType = sourcecode.swift; path = SessionCompletionModel.swift; sourceTree = "<group>"; };
		046E54DE900716BE1B81A64A /* PeopleWorkflowEditors.swift */ = {isa = PBXFileReference; lastKnownFileType = sourcecode.swift; path = PeopleWorkflowEditors.swift; sourceTree = "<group>"; };
		060B272F0E5C70376FC91C78 /* SessionsRootView.swift */ = {isa = PBXFileReference; lastKnownFileType = sourcecode.swift; path = SessionsRootView.swift; sourceTree = "<group>"; };
		061109A51109C155DCF8C9FC /* TrainingGoalRepository.swift */ = {isa = PBXFileReference; lastKnownFileType = sourcecode.swift; path = TrainingGoalRepository.swift; sourceTree = "<group>"; };
		0922B16CD4E21463D60D6486 /* PoCModels.swift */ = {isa = PBXFileReference; lastKnownFileType = sourcecode.swift; path = PoCModels.swift; sourceTree = "<group>"; };
		0A31DE12E8E2ACE69F8B2BD6 /* DiagnosticExportTests.swift */ = {isa = PBXFileReference; lastKnownFileType = sourcecode.swift; path = DiagnosticExportTests.swift; sourceTree = "<group>"; };
		0E9A4E5A4FAB3B238274462A /* SchemaV1ValidatorTests.swift */ = {isa = PBXFileReference; lastKnownFileType = sourcecode.swift; path = SchemaV1ValidatorTests.swift; sourceTree = "<group>"; };
		1124B1F7C9C94CA962239A24 /* CatalogDomain.swift */ = {isa = PBXFileReference; lastKnownFileType = sourcecode.swift; path = CatalogDomain.swift; sourceTree = "<group>"; };
		1767F8DF4D6AE2B4F76A2C47 /* DogPhotoStoreTests.swift */ = {isa = PBXFileReference; lastKnownFileType = sourcecode.swift; path = DogPhotoStoreTests.swift; sourceTree = "<group>"; };
		1DDD604D4BBA62EDDB6D68F9 /* DogCoachStudio.app */ = {isa = PBXFileReference; includeInIndex = 0; lastKnownFileType = wrapper.application; path = DogCoachStudio.app; sourceTree = BUILT_PRODUCTS_DIR; };
		22405B0B6CA30BC50C1FC22B /* Repository.swift */ = {isa = PBXFileReference; lastKnownFileType = sourcecode.swift; path = Repository.swift; sourceTree = "<group>"; };
		2480331F3109B8047FABFF0F /* ContentPackDocument.swift */ = {isa = PBXFileReference; lastKnownFileType = sourcecode.swift; path = ContentPackDocument.swift; sourceTree = "<group>"; };
		2CE3F04F8860040A25A34C2B /* SessionCompletionService.swift */ = {isa = PBXFileReference; lastKnownFileType = sourcecode.swift; path = SessionCompletionService.swift; sourceTree = "<group>"; };
		2E05E60F99DCB117FE88AE75 /* EntitlementDomain.swift */ = {isa = PBXFileReference; lastKnownFileType = sourcecode.swift; path = EntitlementDomain.swift; sourceTree = "<group>"; };
		2E57391333BF794993FE8ED7 /* CatalogRootView.swift */ = {isa = PBXFileReference; lastKnownFileType = sourcecode.swift; path = CatalogRootView.swift; sourceTree = "<group>"; };
		31770C96C7BFF110D00C10E3 /* PackageModels.swift */ = {isa = PBXFileReference; lastKnownFileType = sourcecode.swift; path = PackageModels.swift; sourceTree = "<group>"; };
		3345D1B6756305731642469A /* SessionCompletionPoCTests.swift */ = {isa = PBXFileReference; lastKnownFileType = sourcecode.swift; path = SessionCompletionPoCTests.swift; sourceTree = "<group>"; };
		3810B4CF7EA84FDCE15C5E2A /* foundation-v1.json */ = {isa = PBXFileReference; lastKnownFileType = text.json; path = "foundation-v1.json"; sourceTree = "<group>"; };
		3D8E32CCA577F8D9956535AB /* SessionCompletionView.swift */ = {isa = PBXFileReference; lastKnownFileType = sourcecode.swift; path = SessionCompletionView.swift; sourceTree = "<group>"; };
		42DA89BE78168B8A93FE7C71 /* PeopleRootView.swift */ = {isa = PBXFileReference; lastKnownFileType = sourcecode.swift; path = PeopleRootView.swift; sourceTree = "<group>"; };
		42DEE172E7B34964FA6AB6AB /* TrainingGoalTests.swift */ = {isa = PBXFileReference; lastKnownFileType = sourcecode.swift; path = TrainingGoalTests.swift; sourceTree = "<group>"; };
		48318355356265F4E2260B19 /* DogCoachStudioUITests.xctest */ = {isa = PBXFileReference; includeInIndex = 0; lastKnownFileType = wrapper.cfbundle; path = DogCoachStudioUITests.xctest; sourceTree = BUILT_PRODUCTS_DIR; };
		4A04F252E27E28DF01552C53 /* ContentPackImporter.swift */ = {isa = PBXFileReference; lastKnownFileType = sourcecode.swift; path = ContentPackImporter.swift; sourceTree = "<group>"; };
		501C67F09D7EA87D4544CBF5 /* DogCoachStudioApp.swift */ = {isa = PBXFileReference; lastKnownFileType = sourcecode.swift; path = DogCoachStudioApp.swift; sourceTree = "<group>"; };
		522EA1A0C1F422E495B721D3 /* PeopleEditors.swift */ = {isa = PBXFileReference; lastKnownFileType = sourcecode.swift; path = PeopleEditors.swift; sourceTree = "<group>"; };
		54DABF5A9B22638916F3B782 /* AppErrorMappingTests.swift */ = {isa = PBXFileReference; lastKnownFileType = sourcecode.swift; path = AppErrorMappingTests.swift; sourceTree = "<group>"; };
		56DC916DF8F1E2E6DDB9C97F /* CatalogPhase3Tests.swift */ = {isa = PBXFileReference; lastKnownFileType = sourcecode.swift; path = CatalogPhase3Tests.swift; sourceTree = "<group>"; };
		59B84BDAE678862742001133 /* AppDependencies.swift */ = {isa = PBXFileReference; lastKnownFileType = sourcecode.swift; path = AppDependencies.swift; sourceTree = "<group>"; };
		5BAE9A941C537C272B0DE6B6 /* IntakeRepository.swift */ = {isa = PBXFileReference; lastKnownFileType = sourcecode.swift; path = IntakeRepository.swift; sourceTree = "<group>"; };
		68807CFA3BCBC0A7995189C9 /* PeopleModels.swift */ = {isa = PBXFileReference; lastKnownFileType = sourcecode.swift; path = PeopleModels.swift; sourceTree = "<group>"; };
		71242865871BEA355BF0262F /* ModelContainerFactory.swift */ = {isa = PBXFileReference; lastKnownFileType = sourcecode.swift; path = ModelContainerFactory.swift; sourceTree = "<group>"; };
		7151265CA631C27F8549C50B /* CommerceAndCatalogTests.swift */ = {isa = PBXFileReference; lastKnownFileType = sourcecode.swift; path = CommerceAndCatalogTests.swift; sourceTree = "<group>"; };
		728FE7EE28262254C448F6DE /* Phase0CompletionSmokeTests.swift */ = {isa = PBXFileReference; lastKnownFileType = sourcecode.swift; path = Phase0CompletionSmokeTests.swift; sourceTree = "<group>"; };
		769A74746AB14453D09FCA38 /* IntakeDraftTests.swift */ = {isa = PBXFileReference; lastKnownFileType = sourcecode.swift; path = IntakeDraftTests.swift; sourceTree = "<group>"; };
		7B119A839899F85C9C3E4E09 /* PackageDomain.swift */ = {isa = PBXFileReference; lastKnownFileType = sourcecode.swift; path = PackageDomain.swift; sourceTree = "<group>"; };
		7C901A5538C35DA2C365E7E1 /* ExerciseRepository.swift */ = {isa = PBXFileReference; lastKnownFileType = sourcecode.swift; path = ExerciseRepository.swift; sourceTree = "<group>"; };
		7F1AB00BC6A9872DD6FB26EF /* TrainingTemplateRepository.swift */ = {isa = PBXFileReference; lastKnownFileType = sourcecode.swift; path = TrainingTemplateRepository.swift; sourceTree = "<group>"; };
		7F9AE1A2A6ED7E39291C6195 /* ContentModels.swift */ = {isa = PBXFileReference; lastKnownFileType = sourcecode.swift; path = ContentModels.swift; sourceTree = "<group>"; };
		81AE119904176185BB13C2ED /* DataBackupService.swift */ = {isa = PBXFileReference; lastKnownFileType = sourcecode.swift; path = DataBackupService.swift; sourceTree = "<group>"; };
		84CC22883FDBCE1F800E074B /* Phase5PackagesFlowTests.swift */ = {isa = PBXFileReference; lastKnownFileType = sourcecode.swift; path = Phase5PackagesFlowTests.swift; sourceTree = "<group>"; };
		854F441BF295995B1CB13D4C /* AppLock.swift */ = {isa = PBXFileReference; lastKnownFileType = sourcecode.swift; path = AppLock.swift; sourceTree = "<group>"; };
		88F975FBBDDF6BA1C9602267 /* DogPhotoSupport.swift */ = {isa = PBXFileReference; lastKnownFileType = sourcecode.swift; path = DogPhotoSupport.swift; sourceTree = "<group>"; };
		8A7FE855C3ADC67B97A3092D /* AppEnvironmentInjectionTests.swift */ = {isa = PBXFileReference; lastKnownFileType = sourcecode.swift; path = AppEnvironmentInjectionTests.swift; sourceTree = "<group>"; };
		8C312E4540E7401DAEA151FC /* SessionDomain.swift */ = {isa = PBXFileReference; lastKnownFileType = sourcecode.swift; path = SessionDomain.swift; sourceTree = "<group>"; };
		8CF096E3A67C2F20A61033E1 /* Phase6DataControlTests.swift */ = {isa = PBXFileReference; lastKnownFileType = sourcecode.swift; path = Phase6DataControlTests.swift; sourceTree = "<group>"; };
		8E320D3F044B77A528DA9C97 /* StoreManager.swift */ = {isa = PBXFileReference; lastKnownFileType = sourcecode.swift; path = StoreManager.swift; sourceTree = "<group>"; };
		8E53AFA3E09E90F54944A3C9 /* SessionPhase4Tests.swift */ = {isa = PBXFileReference; lastKnownFileType = sourcecode.swift; path = SessionPhase4Tests.swift; sourceTree = "<group>"; };
		8F70F7F964E0DD316D28FE58 /* SyncSpike.swift */ = {isa = PBXFileReference; lastKnownFileType = sourcecode.swift; path = SyncSpike.swift; sourceTree = "<group>"; };
		921813D7BA7EB18ADE8A1E8A /* PackageAndReportTests.swift */ = {isa = PBXFileReference; lastKnownFileType = sourcecode.swift; path = PackageAndReportTests.swift; sourceTree = "<group>"; };
		92F2294417FD40D83A937278 /* DataControlTests.swift */ = {isa = PBXFileReference; lastKnownFileType = sourcecode.swift; path = DataControlTests.swift; sourceTree = "<group>"; };
		941F2295C323003B049EF37C /* PersistenceProvider.swift */ = {isa = PBXFileReference; lastKnownFileType = sourcecode.swift; path = PersistenceProvider.swift; sourceTree = "<group>"; };
		950B467108F60031C81146AE /* CodableAttribute.swift */ = {isa = PBXFileReference; lastKnownFileType = sourcecode.swift; path = CodableAttribute.swift; sourceTree = "<group>"; };
		95AB17CF3731D2F489C3D3E3 /* PeopleFeatureModel.swift */ = {isa = PBXFileReference; lastKnownFileType = sourcecode.swift; path = PeopleFeatureModel.swift; sourceTree = "<group>"; };
		97C4C8E041763B95792B28B3 /* TemplateDomain.swift */ = {isa = PBXFileReference; lastKnownFileType = sourcecode.swift; path = TemplateDomain.swift; sourceTree = "<group>"; };
		9B7965E8E638072CE47C4B4C /* ScheduledSessionRepository.swift */ = {isa = PBXFileReference; lastKnownFileType = sourcecode.swift; path = ScheduledSessionRepository.swift; sourceTree = "<group>"; };
		9BF2E0298B952F1616B6DBAF /* PackagesRootView.swift */ = {isa = PBXFileReference; lastKnownFileType = sourcecode.swift; path = PackagesRootView.swift; sourceTree = "<group>"; };
		9F00FA3709706DB4E6707603 /* ClientDogRoleTests.swift */ = {isa = PBXFileReference; lastKnownFileType = sourcecode.swift; path = ClientDogRoleTests.swift; sourceTree = "<group>"; };
		9F5B02FA83EDC16C2F4A8DB9 /* IntakeDraftAutosave.swift */ = {isa = PBXFileReference; lastKnownFileType = sourcecode.swift; path = IntakeDraftAutosave.swift; sourceTree = "<group>"; };
		9FCC0585D803FA3679B46029 /* DogCoachSchemaV1.swift */ = {isa = PBXFileReference; lastKnownFileType = sourcecode.swift; path = DogCoachSchemaV1.swift; sourceTree = "<group>"; };
		9FDB5B7722D15769AB240A52 /* PeopleUseCasesTests.swift */ = {isa = PBXFileReference; lastKnownFileType = sourcecode.swift; path = PeopleUseCasesTests.swift; sourceTree = "<group>"; };
		A112432829B9A3B23F2F4ECA /* PeopleDomain.swift */ = {isa = PBXFileReference; lastKnownFileType = sourcecode.swift; path = PeopleDomain.swift; sourceTree = "<group>"; };
		A661DD9DC202312325EF5DCD /* Phase4SessionFlowTests.swift */ = {isa = PBXFileReference; lastKnownFileType = sourcecode.swift; path = Phase4SessionFlowTests.swift; sourceTree = "<group>"; };
		A9E094C938FFF8B798A42694 /* DataControlRootView.swift */ = {isa = PBXFileReference; lastKnownFileType = sourcecode.swift; path = DataControlRootView.swift; sourceTree = "<group>"; };
		AAA7538FCAFEB74706A704C6 /* Diagnostics.swift */ = {isa = PBXFileReference; lastKnownFileType = sourcecode.swift; path = Diagnostics.swift; sourceTree = "<group>"; };
		B31E5FDE27DCA7DE5DE7E3D9 /* SchemaV1PersistenceTests.swift */ = {isa = PBXFileReference; lastKnownFileType = sourcecode.swift; path = SchemaV1PersistenceTests.swift; sourceTree = "<group>"; };
		B4D876647427A02F3F5CE167 /* Localizable.xcstrings */ = {isa = PBXFileReference; lastKnownFileType = text.json.xcstrings; path = Localizable.xcstrings; sourceTree = "<group>"; };
		B82D8D1DAB96AA60492CBA9F /* Products.storekit */ = {isa = PBXFileReference; path = Products.storekit; sourceTree = "<group>"; };
		B9D115AD309AD047B010FC72 /* content-pack-v1.schema.json */ = {isa = PBXFileReference; lastKnownFileType = text.json; path = "content-pack-v1.schema.json"; sourceTree = "<group>"; };
		C44B15B95B7DC8960BC27B65 /* MarketingScreenshotTests.swift */ = {isa = PBXFileReference; lastKnownFileType = sourcecode.swift; path = MarketingScreenshotTests.swift; sourceTree = "<group>"; };
		C74984B6C93887A8F2505E7E /* TrainingGoal.swift */ = {isa = PBXFileReference; lastKnownFileType = sourcecode.swift; path = TrainingGoal.swift; sourceTree = "<group>"; };
		CBAC47A9E9EA348A7ACB4626 /* Assets.xcassets */ = {isa = PBXFileReference; lastKnownFileType = folder.assetcatalog; path = Assets.xcassets; sourceTree = "<group>"; };
		CF01272775A61269969E91D9 /* ReportRepository.swift */ = {isa = PBXFileReference; lastKnownFileType = sourcecode.swift; path = ReportRepository.swift; sourceTree = "<group>"; };
		CF580128DB016449D6010C4E /* PeopleUseCases.swift */ = {isa = PBXFileReference; lastKnownFileType = sourcecode.swift; path = PeopleUseCases.swift; sourceTree = "<group>"; };
		D075FDD1F407DC8A2FFBCB85 /* Phase3CatalogFlowTests.swift */ = {isa = PBXFileReference; lastKnownFileType = sourcecode.swift; path = Phase3CatalogFlowTests.swift; sourceTree = "<group>"; };
		D5A793B74C08366A563A5A48 /* PeopleDetails.swift */ = {isa = PBXFileReference; lastKnownFileType = sourcecode.swift; path = PeopleDetails.swift; sourceTree = "<group>"; };
		DA0B045ED6B71FCB5D458A42 /* AppLockTests.swift */ = {isa = PBXFileReference; lastKnownFileType = sourcecode.swift; path = AppLockTests.swift; sourceTree = "<group>"; };
		DA22129E1BC814B0F0D20E6C /* DemoScenario.swift */ = {isa = PBXFileReference; lastKnownFileType = sourcecode.swift; path = DemoScenario.swift; sourceTree = "<group>"; };
		DC8B1E5B3B0AD942DE409CAA /* Phase2PeopleFlowTests.swift */ = {isa = PBXFileReference; lastKnownFileType = sourcecode.swift; path = Phase2PeopleFlowTests.swift; sourceTree = "<group>"; };
		DFB57BC11A3DACE4D39866C0 /* IntakeDraft.swift */ = {isa = PBXFileReference; lastKnownFileType = sourcecode.swift; path = IntakeDraft.swift; sourceTree = "<group>"; };
		E1D10E56401779098C96C477 /* schema-v1.json */ = {isa = PBXFileReference; lastKnownFileType = text.json; path = "schema-v1.json"; sourceTree = "<group>"; };
		E410FE3E2CC625AD2242CCEA /* PaywallView.swift */ = {isa = PBXFileReference; lastKnownFileType = sourcecode.swift; path = PaywallView.swift; sourceTree = "<group>"; };
		E4D2695A66FAAB833E501D5E /* SwiftDataPeopleRepository.swift */ = {isa = PBXFileReference; lastKnownFileType = sourcecode.swift; path = SwiftDataPeopleRepository.swift; sourceTree = "<group>"; };
		E532510D836FD061014B84B6 /* SyncAndHardeningTests.swift */ = {isa = PBXFileReference; lastKnownFileType = sourcecode.swift; path = SyncAndHardeningTests.swift; sourceTree = "<group>"; };
		E7D7493BBFF4A6E35CDCC356 /* DataLifecycleService.swift */ = {isa = PBXFileReference; lastKnownFileType = sourcecode.swift; path = DataLifecycleService.swift; sourceTree = "<group>"; };
		ED32164E99216CF965E1A2A6 /* ReportComposer.swift */ = {isa = PBXFileReference; lastKnownFileType = sourcecode.swift; path = ReportComposer.swift; sourceTree = "<group>"; };
		EEDE0E1F1AF951850487836D /* PackageLedgerRepository.swift */ = {isa = PBXFileReference; lastKnownFileType = sourcecode.swift; path = PackageLedgerRepository.swift; sourceTree = "<group>"; };
		F1DEEB0E2712E87B9D6D3903 /* DogCoachStudioTests.xctest */ = {isa = PBXFileReference; includeInIndex = 0; lastKnownFileType = wrapper.cfbundle; path = DogCoachStudioTests.xctest; sourceTree = BUILT_PRODUCTS_DIR; };
		F345F01DCF6A2FC855C82450 /* SessionModels.swift */ = {isa = PBXFileReference; lastKnownFileType = sourcecode.swift; path = SessionModels.swift; sourceTree = "<group>"; };
		F3D8C4C114A97ED7CF38907F /* PoCCompletionService.swift */ = {isa = PBXFileReference; lastKnownFileType = sourcecode.swift; path = PoCCompletionService.swift; sourceTree = "<group>"; };
		F495584603391EA367A0F2F8 /* AppError.swift */ = {isa = PBXFileReference; lastKnownFileType = sourcecode.swift; path = AppError.swift; sourceTree = "<group>"; };
		F5055EB1D051B5EEBD8F8B09 /* AppEnvironment.swift */ = {isa = PBXFileReference; lastKnownFileType = sourcecode.swift; path = AppEnvironment.swift; sourceTree = "<group>"; };
		F6B1E0CBBD7C80F073FC452A /* SchemaV1Validators.swift */ = {isa = PBXFileReference; lastKnownFileType = sourcecode.swift; path = SchemaV1Validators.swift; sourceTree = "<group>"; };
		F9C562BF994ACBA03D25EF75 /* Phase7PaywallTests.swift */ = {isa = PBXFileReference; lastKnownFileType = sourcecode.swift; path = Phase7PaywallTests.swift; sourceTree = "<group>"; };
		FBA0055C17CBFBD25E10DA5F /* DemoDataSeeder.swift */ = {isa = PBXFileReference; lastKnownFileType = sourcecode.swift; path = DemoDataSeeder.swift; sourceTree = "<group>"; };
/* End PBXFileReference section */

/* Begin PBXGroup section */
		006C01FEDB42C6F59EDEE395 /* Completion */ = {
			isa = PBXGroup;
			children = (
				F3D8C4C114A97ED7CF38907F /* PoCCompletionService.swift */,
			);
			path = Completion;
			sourceTree = "<group>";
		};
		00CD3E1668B7F48304B3EA21 /* UI */ = {
			isa = PBXGroup;
			children = (
				060B272F0E5C70376FC91C78 /* SessionsRootView.swift */,
			);
			path = UI;
			sourceTree = "<group>";
		};
		0402514317C8F743F5C2C222 /* Phase1 */ = {
			isa = PBXGroup;
			children = (
				261FF0E05B120A02BE15FFD5 /* Dependencies */,
				685C43698148697F8001462E /* Diagnostics */,
				81AF764E2506C8BE481AD869 /* Errors */,
				2FA6711A906F926B4ECE2E53 /* Persistence */,
			);
			path = Phase1;
			sourceTree = "<group>";
		};
		093312327391C48B93799E7D /* Data */ = {
			isa = PBXGroup;
			children = (
				EEDE0E1F1AF951850487836D /* PackageLedgerRepository.swift */,
			);
			path = Data;
			sourceTree = "<group>";
		};
		118EDB33082FA1F195966D81 /* Dependencies */ = {
			isa = PBXGroup;
			children = (
				59B84BDAE678862742001133 /* AppDependencies.swift */,
			);
			path = Dependencies;
			sourceTree = "<group>";
		};
		15696CC308304FBCA775D7FA /* StoreKit */ = {
			isa = PBXGroup;
			children = (
				8E320D3F044B77A528DA9C97 /* StoreManager.swift */,
			);
			path = StoreKit;
			sourceTree = "<group>";
		};
		1CFAD25B227974910A8A520B /* Data */ = {
			isa = PBXGroup;
			children = (
				E4D2695A66FAAB833E501D5E /* SwiftDataPeopleRepository.swift */,
			);
			path = Data;
			sourceTree = "<group>";
		};
		20C3791209D2F94FFA56EF8C /* Phase2 */ = {
			isa = PBXGroup;
			children = (
				C23902DBBA41EBCFBDC7841C /* Intake */,
				724976251F3E8231CCA7AB5B /* People */,
			);
			path = Phase2;
			sourceTree = "<group>";
		};
		233FF65BEFDF2C6D705F90E9 /* Domain */ = {
			isa = PBXGroup;
			children = (
				ED32164E99216CF965E1A2A6 /* ReportComposer.swift */,
			);
			path = Domain;
			sourceTree = "<group>";
		};
		261FF0E05B120A02BE15FFD5 /* Dependencies */ = {
			isa = PBXGroup;
			children = (
				8A7FE855C3ADC67B97A3092D /* AppEnvironmentInjectionTests.swift */,
			);
			path = Dependencies;
			sourceTree = "<group>";
		};
		269F58A508EC7746D30EB71F /* SchemaV1 */ = {
			isa = PBXGroup;
			children = (
				950B467108F60031C81146AE /* CodableAttribute.swift */,
				7F9AE1A2A6ED7E39291C6195 /* ContentModels.swift */,
				9FCC0585D803FA3679B46029 /* DogCoachSchemaV1.swift */,
				31770C96C7BFF110D00C10E3 /* PackageModels.swift */,
				68807CFA3BCBC0A7995189C9 /* PeopleModels.swift */,
				F345F01DCF6A2FC855C82450 /* SessionModels.swift */,
			);
			path = SchemaV1;
			sourceTree = "<group>";
		};
		26DCE637B0DEBF3C5F3F6615 /* Domain */ = {
			isa = PBXGroup;
			children = (
				DFB57BC11A3DACE4D39866C0 /* IntakeDraft.swift */,
				C74984B6C93887A8F2505E7E /* TrainingGoal.swift */,
			);
			path = Domain;
			sourceTree = "<group>";
		};
		2750FBCC46B1495B4790ED37 /* Sessions */ = {
			isa = PBXGroup;
			children = (
				A829ADB04B110936F7D84CC4 /* Completion */,
				7046D9688A6B104E1F93F574 /* Data */,
				68A9DDE379F8B720FBC5C13A /* Domain */,
				00CD3E1668B7F48304B3EA21 /* UI */,
			);
			path = Sessions;
			sourceTree = "<group>";
		};
		2BB2C3C8B555716B69F9F79D /* App */ = {
			isa = PBXGroup;
			children = (
				F5055EB1D051B5EEBD8F8B09 /* AppEnvironment.swift */,
				501C67F09D7EA87D4544CBF5 /* DogCoachStudioApp.swift */,
			);
			path = App;
			sourceTree = "<group>";
		};
		2E2BCA6AD756FDA85BFA054B /* Domain */ = {
			isa = PBXGroup;
			children = (
				97C4C8E041763B95792B28B3 /* TemplateDomain.swift */,
			);
			path = Domain;
			sourceTree = "<group>";
		};
		2FA6711A906F926B4ECE2E53 /* Persistence */ = {
			isa = PBXGroup;
			children = (
				B31E5FDE27DCA7DE5DE7E3D9 /* SchemaV1PersistenceTests.swift */,
				0E9A4E5A4FAB3B238274462A /* SchemaV1ValidatorTests.swift */,
				9FC9BD3B79539778BE69D02E /* Fixtures */,
			);
			path = Persistence;
			sourceTree = "<group>";
		};
		2FB3CBB8EE5F47AF1E903D48 = {
			isa = PBXGroup;
			children = (
				F9B5520AC451360D1CF5A1BA /* DogCoachStudio */,
				AF9E47F99190DAC86D5B6BF1 /* DogCoachStudioTests */,
				D4F8488CFDD7BD679B13D7C8 /* DogCoachStudioUITests */,
				D524B72D0B21B71268E3CAE8 /* Products */,
			);
			sourceTree = "<group>";
		};
		3DDBB27A867859DF957CC821 /* UI */ = {
			isa = PBXGroup;
			children = (
				2E57391333BF794993FE8ED7 /* CatalogRootView.swift */,
			);
			path = UI;
			sourceTree = "<group>";
		};
		3E75F61D6C0250CCCF53CB51 /* Features */ = {
			isa = PBXGroup;
			children = (
				B0BCFD3FC32C3A037EC0E012 /* Catalog */,
				6A1A7794643AE8925D331F52 /* Commerce */,
				FF5BBE1905D4691028AA70B2 /* ContentPacks */,
				9497774EBD9452622AF3CEC0 /* DataControl */,
				FCE31405A5A9A6F8E32A7B36 /* Intake */,
				75B7D7DBF1F1C57DC2F1EC3E /* Packages */,
				C721A849F095276C5B61B6D4 /* People */,
				6CB451E25E1BFA9EF7625E8B /* Reports */,
				2750FBCC46B1495B4790ED37 /* Sessions */,
				AF8DB416D5489D9FA01FE1CA /* Sync */,
				FCC86716E5C8D548AA5F7114 /* Templates */,
			);
			path = Features;
			sourceTree = "<group>";
		};
		449F8383640ED30AACED927D /* Phase4 */ = {
			isa = PBXGroup;
			children = (
				8E53AFA3E09E90F54944A3C9 /* SessionPhase4Tests.swift */,
			);
			path = Phase4;
			sourceTree = "<group>";
		};
		44F27F3FA23BCFD8E493A400 /* Domain */ = {
			isa = PBXGroup;
			children = (
				1124B1F7C9C94CA962239A24 /* CatalogDomain.swift */,
			);
			path = Domain;
			sourceTree = "<group>";
		};
		4A3F825B4C69161EAC5F661A /* Lifecycle */ = {
			isa = PBXGroup;
			children = (
				E7D7493BBFF4A6E35CDCC356 /* DataLifecycleService.swift */,
			);
			path = Lifecycle;
			sourceTree = "<group>";
		};
		4AE26E9DC7F811B1AAD45352 /* UI */ = {
			isa = PBXGroup;
			children = (
				9BF2E0298B952F1616B6DBAF /* PackagesRootView.swift */,
			);
			path = UI;
			sourceTree = "<group>";
		};
		569322EF8983E028584FB977 /* Infrastructure */ = {
			isa = PBXGroup;
			children = (
				118EDB33082FA1F195966D81 /* Dependencies */,
				94C617DAC82CDBB3AA5E8D6E /* Diagnostics */,
				E37897E717C6A2889FFD640B /* Errors */,
			);
			path = Infrastructure;
			sourceTree = "<group>";
		};
		58A6F253F97C997A01EB9FEB /* Domain */ = {
			isa = PBXGroup;
			children = (
				A112432829B9A3B23F2F4ECA /* PeopleDomain.swift */,
				CF580128DB016449D6010C4E /* PeopleUseCases.swift */,
			);
			path = Domain;
			sourceTree = "<group>";
		};
		5948734F375C707A2491261E /* Data */ = {
			isa = PBXGroup;
			children = (
				CF01272775A61269969E91D9 /* ReportRepository.swift */,
			);
			path = Data;
			sourceTree = "<group>";
		};
		595B8C6CFC0BAE30D620598D /* Export */ = {
			isa = PBXGroup;
			children = (
				00776E81B6CB9F167AFFAA6D /* ReportExporter.swift */,
			);
			path = Export;
			sourceTree = "<group>";
		};
		60407C349B9AF29183A470B0 /* Phase6 */ = {
			isa = PBXGroup;
			children = (
				DA0B045ED6B71FCB5D458A42 /* AppLockTests.swift */,
				92F2294417FD40D83A937278 /* DataControlTests.swift */,
			);
			path = Phase6;
			sourceTree = "<group>";
		};
		685C43698148697F8001462E /* Diagnostics */ = {
			isa = PBXGroup;
			children = (
				0A31DE12E8E2ACE69F8B2BD6 /* DiagnosticExportTests.swift */,
			);
			path = Diagnostics;
			sourceTree = "<group>";
		};
		68A9DDE379F8B720FBC5C13A /* Domain */ = {
			isa = PBXGroup;
			children = (
				8C312E4540E7401DAEA151FC /* SessionDomain.swift */,
			);
			path = Domain;
			sourceTree = "<group>";
		};
		6A1A7794643AE8925D331F52 /* Commerce */ = {
			isa = PBXGroup;
			children = (
				B7A28F88CC7725D396F999CE /* Domain */,
				15696CC308304FBCA775D7FA /* StoreKit */,
				CB2E889B1029509FAA1659E0 /* UI */,
			);
			path = Commerce;
			sourceTree = "<group>";
		};
		6CB451E25E1BFA9EF7625E8B /* Reports */ = {
			isa = PBXGroup;
			children = (
				5948734F375C707A2491261E /* Data */,
				233FF65BEFDF2C6D705F90E9 /* Domain */,
				595B8C6CFC0BAE30D620598D /* Export */,
			);
			path = Reports;
			sourceTree = "<group>";
		};
		7046D9688A6B104E1F93F574 /* Data */ = {
			isa = PBXGroup;
			children = (
				9B7965E8E638072CE47C4B4C /* ScheduledSessionRepository.swift */,
			);
			path = Data;
			sourceTree = "<group>";
		};
		70DB361CE7F503A7D4521E3A /* Domain */ = {
			isa = PBXGroup;
			children = (
				E29FCAAEE025AC7780F5B210 /* Validation */,
			);
			path = Domain;
			sourceTree = "<group>";
		};
		724976251F3E8231CCA7AB5B /* People */ = {
			isa = PBXGroup;
			children = (
				9F00FA3709706DB4E6707603 /* ClientDogRoleTests.swift */,
				1767F8DF4D6AE2B4F76A2C47 /* DogPhotoStoreTests.swift */,
				9FDB5B7722D15769AB240A52 /* PeopleUseCasesTests.swift */,
			);
			path = People;
			sourceTree = "<group>";
		};
		75B7D7DBF1F1C57DC2F1EC3E /* Packages */ = {
			isa = PBXGroup;
			children = (
				093312327391C48B93799E7D /* Data */,
				8776905C67606C512C56AE2F /* Domain */,
				4AE26E9DC7F811B1AAD45352 /* UI */,
			);
			path = Packages;
			sourceTree = "<group>";
		};
		7AE2E0A558FD8F521F85DB37 /* Phase5 */ = {
			isa = PBXGroup;
			children = (
				921813D7BA7EB18ADE8A1E8A /* PackageAndReportTests.swift */,
			);
			path = Phase5;
			sourceTree = "<group>";
		};
		81AF764E2506C8BE481AD869 /* Errors */ = {
			isa = PBXGroup;
			children = (
				54DABF5A9B22638916F3B782 /* AppErrorMappingTests.swift */,
			);
			path = Errors;
			sourceTree = "<group>";
		};
		822C44C487E5907DC074FF56 /* Security */ = {
			isa = PBXGroup;
			children = (
				854F441BF295995B1CB13D4C /* AppLock.swift */,
			);
			path = Security;
			sourceTree = "<group>";
		};
		8776905C67606C512C56AE2F /* Domain */ = {
			isa = PBXGroup;
			children = (
				7B119A839899F85C9C3E4E09 /* PackageDomain.swift */,
			);
			path = Domain;
			sourceTree = "<group>";
		};
		8805159DA3129AFE7663E9E4 /* StoreKit */ = {
			isa = PBXGroup;
			children = (
				B82D8D1DAB96AA60492CBA9F /* Products.storekit */,
			);
			path = StoreKit;
			sourceTree = "<group>";
		};
		9374FC436E180DDED0FBC51D /* Domain */ = {
			isa = PBXGroup;
			children = (
				8F70F7F964E0DD316D28FE58 /* SyncSpike.swift */,
			);
			path = Domain;
			sourceTree = "<group>";
		};
		9402E40FF4F064FF94901E3A /* Phase7 */ = {
			isa = PBXGroup;
			children = (
				7151265CA631C27F8549C50B /* CommerceAndCatalogTests.swift */,
			);
			path = Phase7;
			sourceTree = "<group>";
		};
		9497774EBD9452622AF3CEC0 /* DataControl */ = {
			isa = PBXGroup;
			children = (
				9B2F106D8BEF501C119427FD /* Export */,
				4A3F825B4C69161EAC5F661A /* Lifecycle */,
				822C44C487E5907DC074FF56 /* Security */,
				E2FE89C206C9CDB71FC8F9D9 /* UI */,
			);
			path = DataControl;
			sourceTree = "<group>";
		};
		94C617DAC82CDBB3AA5E8D6E /* Diagnostics */ = {
			isa = PBXGroup;
			children = (
				AAA7538FCAFEB74706A704C6 /* Diagnostics.swift */,
			);
			path = Diagnostics;
			sourceTree = "<group>";
		};
		9AF02E6ECE59424ECD043F30 /* ContentPacks */ = {
			isa = PBXGroup;
			children = (
				B9D115AD309AD047B010FC72 /* content-pack-v1.schema.json */,
				3810B4CF7EA84FDCE15C5E2A /* foundation-v1.json */,
			);
			path = ContentPacks;
			sourceTree = "<group>";
		};
		9B2F106D8BEF501C119427FD /* Export */ = {
			isa = PBXGroup;
			children = (
				81AE119904176185BB13C2ED /* DataBackupService.swift */,
			);
			path = Export;
			sourceTree = "<group>";
		};
		9FC9BD3B79539778BE69D02E /* Fixtures */ = {
			isa = PBXGroup;
			children = (
				E1D10E56401779098C96C477 /* schema-v1.json */,
			);
			path = Fixtures;
			sourceTree = "<group>";
		};
		A829ADB04B110936F7D84CC4 /* Completion */ = {
			isa = PBXGroup;
			children = (
				2CE3F04F8860040A25A34C2B /* SessionCompletionService.swift */,
			);
			path = Completion;
			sourceTree = "<group>";
		};
		AABCC11BB5398D6C82A040C0 /* Resources */ = {
			isa = PBXGroup;
			children = (
				CBAC47A9E9EA348A7ACB4626 /* Assets.xcassets */,
				B4D876647427A02F3F5CE167 /* Localizable.xcstrings */,
				9AF02E6ECE59424ECD043F30 /* ContentPacks */,
				8805159DA3129AFE7663E9E4 /* StoreKit */,
			);
			path = Resources;
			sourceTree = "<group>";
		};
		AEBD51B233FA1A732CBA5BB1 /* Data */ = {
			isa = PBXGroup;
			children = (
				7C901A5538C35DA2C365E7E1 /* ExerciseRepository.swift */,
			);
			path = Data;
			sourceTree = "<group>";
		};
		AF8DB416D5489D9FA01FE1CA /* Sync */ = {
			isa = PBXGroup;
			children = (
				9374FC436E180DDED0FBC51D /* Domain */,
			);
			path = Sync;
			sourceTree = "<group>";
		};
		AF9E47F99190DAC86D5B6BF1 /* DogCoachStudioTests */ = {
			isa = PBXGroup;
			children = (
				3345D1B6756305731642469A /* SessionCompletionPoCTests.swift */,
				0402514317C8F743F5C2C222 /* Phase1 */,
				20C3791209D2F94FFA56EF8C /* Phase2 */,
				F6421A61F8FB1BC932D500FF /* Phase3 */,
				449F8383640ED30AACED927D /* Phase4 */,
				7AE2E0A558FD8F521F85DB37 /* Phase5 */,
				60407C349B9AF29183A470B0 /* Phase6 */,
				9402E40FF4F064FF94901E3A /* Phase7 */,
				D61AB799D093DA0CD2136147 /* Phase8 */,
			);
			path = DogCoachStudioTests;
			sourceTree = "<group>";
		};
		B0BCFD3FC32C3A037EC0E012 /* Catalog */ = {
			isa = PBXGroup;
			children = (
				AEBD51B233FA1A732CBA5BB1 /* Data */,
				44F27F3FA23BCFD8E493A400 /* Domain */,
				3DDBB27A867859DF957CC821 /* UI */,
			);
			path = Catalog;
			sourceTree = "<group>";
		};
		B5E1DB4CC4D6015FB9FD6023 /* Data */ = {
			isa = PBXGroup;
			children = (
				4A04F252E27E28DF01552C53 /* ContentPackImporter.swift */,
			);
			path = Data;
			sourceTree = "<group>";
		};
		B7A28F88CC7725D396F999CE /* Domain */ = {
			isa = PBXGroup;
			children = (
				2E05E60F99DCB117FE88AE75 /* EntitlementDomain.swift */,
			);
			path = Domain;
			sourceTree = "<group>";
		};
		B8F80EB1ADD648E604F97469 /* Persistence */ = {
			isa = PBXGroup;
			children = (
				FBA0055C17CBFBD25E10DA5F /* DemoDataSeeder.swift */,
				71242865871BEA355BF0262F /* ModelContainerFactory.swift */,
				941F2295C323003B049EF37C /* PersistenceProvider.swift */,
				22405B0B6CA30BC50C1FC22B /* Repository.swift */,
				269F58A508EC7746D30EB71F /* SchemaV1 */,
			);
			path = Persistence;
			sourceTree = "<group>";
		};
		C23902DBBA41EBCFBDC7841C /* Intake */ = {
			isa = PBXGroup;
			children = (
				769A74746AB14453D09FCA38 /* IntakeDraftTests.swift */,
				42DEE172E7B34964FA6AB6AB /* TrainingGoalTests.swift */,
			);
			path = Intake;
			sourceTree = "<group>";
		};
		C7053EEBA89E637BD7575BCC /* Domain */ = {
			isa = PBXGroup;
			children = (
				2480331F3109B8047FABFF0F /* ContentPackDocument.swift */,
			);
			path = Domain;
			sourceTree = "<group>";
		};
		C721A849F095276C5B61B6D4 /* People */ = {
			isa = PBXGroup;
			children = (
				1CFAD25B227974910A8A520B /* Data */,
				58A6F253F97C997A01EB9FEB /* Domain */,
				F1F1185334276D2765DA8C77 /* UI */,
			);
			path = People;
			sourceTree = "<group>";
		};
		C8C9DCD8AAA495E8DE045A67 /* Data */ = {
			isa = PBXGroup;
			children = (
				DA22129E1BC814B0F0D20E6C /* DemoScenario.swift */,
			);
			path = Data;
			sourceTree = "<group>";
		};
		CB2E889B1029509FAA1659E0 /* UI */ = {
			isa = PBXGroup;
			children = (
				E410FE3E2CC625AD2242CCEA /* PaywallView.swift */,
			);
			path = UI;
			sourceTree = "<group>";
		};
		D4F8488CFDD7BD679B13D7C8 /* DogCoachStudioUITests */ = {
			isa = PBXGroup;
			children = (
				C44B15B95B7DC8960BC27B65 /* MarketingScreenshotTests.swift */,
				728FE7EE28262254C448F6DE /* Phase0CompletionSmokeTests.swift */,
				DC8B1E5B3B0AD942DE409CAA /* Phase2PeopleFlowTests.swift */,
				D075FDD1F407DC8A2FFBCB85 /* Phase3CatalogFlowTests.swift */,
				A661DD9DC202312325EF5DCD /* Phase4SessionFlowTests.swift */,
				84CC22883FDBCE1F800E074B /* Phase5PackagesFlowTests.swift */,
				8CF096E3A67C2F20A61033E1 /* Phase6DataControlTests.swift */,
				F9C562BF994ACBA03D25EF75 /* Phase7PaywallTests.swift */,
			);
			path = DogCoachStudioUITests;
			sourceTree = "<group>";
		};
		D524B72D0B21B71268E3CAE8 /* Products */ = {
			isa = PBXGroup;
			children = (
				1DDD604D4BBA62EDDB6D68F9 /* DogCoachStudio.app */,
				F1DEEB0E2712E87B9D6D3903 /* DogCoachStudioTests.xctest */,
				48318355356265F4E2260B19 /* DogCoachStudioUITests.xctest */,
			);
			name = Products;
			sourceTree = "<group>";
		};
		D61AB799D093DA0CD2136147 /* Phase8 */ = {
			isa = PBXGroup;
			children = (
				E532510D836FD061014B84B6 /* SyncAndHardeningTests.swift */,
			);
			path = Phase8;
			sourceTree = "<group>";
		};
		E28213269B9ED345F8A8AFE2 /* Data */ = {
			isa = PBXGroup;
			children = (
				9F5B02FA83EDC16C2F4A8DB9 /* IntakeDraftAutosave.swift */,
				5BAE9A941C537C272B0DE6B6 /* IntakeRepository.swift */,
				061109A51109C155DCF8C9FC /* TrainingGoalRepository.swift */,
			);
			path = Data;
			sourceTree = "<group>";
		};
		E29FCAAEE025AC7780F5B210 /* Validation */ = {
			isa = PBXGroup;
			children = (
				F6B1E0CBBD7C80F073FC452A /* SchemaV1Validators.swift */,
			);
			path = Validation;
			sourceTree = "<group>";
		};
		E2FE89C206C9CDB71FC8F9D9 /* UI */ = {
			isa = PBXGroup;
			children = (
				A9E094C938FFF8B798A42694 /* DataControlRootView.swift */,
			);
			path = UI;
			sourceTree = "<group>";
		};
		E37897E717C6A2889FFD640B /* Errors */ = {
			isa = PBXGroup;
			children = (
				F495584603391EA367A0F2F8 /* AppError.swift */,
			);
			path = Errors;
			sourceTree = "<group>";
		};
		E85C59662941291F498BA4CA /* PoC */ = {
			isa = PBXGroup;
			children = (
				008B799EC452E851A555E745 /* SessionCompletionModel.swift */,
				3D8E32CCA577F8D9956535AB /* SessionCompletionView.swift */,
				006C01FEDB42C6F59EDEE395 /* Completion */,
				C8C9DCD8AAA495E8DE045A67 /* Data */,
				F53518FED227A389EF45A2E1 /* Domain */,
			);
			path = PoC;
			sourceTree = "<group>";
		};
		F1F1185334276D2765DA8C77 /* UI */ = {
			isa = PBXGroup;
			children = (
				88F975FBBDDF6BA1C9602267 /* DogPhotoSupport.swift */,
				D5A793B74C08366A563A5A48 /* PeopleDetails.swift */,
				522EA1A0C1F422E495B721D3 /* PeopleEditors.swift */,
				95AB17CF3731D2F489C3D3E3 /* PeopleFeatureModel.swift */,
				42DA89BE78168B8A93FE7C71 /* PeopleRootView.swift */,
				046E54DE900716BE1B81A64A /* PeopleWorkflowEditors.swift */,
			);
			path = UI;
			sourceTree = "<group>";
		};
		F53518FED227A389EF45A2E1 /* Domain */ = {
			isa = PBXGroup;
			children = (
				0922B16CD4E21463D60D6486 /* PoCModels.swift */,
			);
			path = Domain;
			sourceTree = "<group>";
		};
		F6421A61F8FB1BC932D500FF /* Phase3 */ = {
			isa = PBXGroup;
			children = (
				56DC916DF8F1E2E6DDB9C97F /* CatalogPhase3Tests.swift */,
			);
			path = Phase3;
			sourceTree = "<group>";
		};
		F6430F43E2F458B48D75525B /* Data */ = {
			isa = PBXGroup;
			children = (
				7F1AB00BC6A9872DD6FB26EF /* TrainingTemplateRepository.swift */,
			);
			path = Data;
			sourceTree = "<group>";
		};
		F9B5520AC451360D1CF5A1BA /* DogCoachStudio */ = {
			isa = PBXGroup;
			children = (
				2BB2C3C8B555716B69F9F79D /* App */,
				70DB361CE7F503A7D4521E3A /* Domain */,
				3E75F61D6C0250CCCF53CB51 /* Features */,
				569322EF8983E028584FB977 /* Infrastructure */,
				B8F80EB1ADD648E604F97469 /* Persistence */,
				E85C59662941291F498BA4CA /* PoC */,
				AABCC11BB5398D6C82A040C0 /* Resources */,
			);
			path = DogCoachStudio;
			sourceTree = "<group>";
		};
		FCC86716E5C8D548AA5F7114 /* Templates */ = {
			isa = PBXGroup;
			children = (
				F6430F43E2F458B48D75525B /* Data */,
				2E2BCA6AD756FDA85BFA054B /* Domain */,
			);
			path = Templates;
			sourceTree = "<group>";
		};
		FCE31405A5A9A6F8E32A7B36 /* Intake */ = {
			isa = PBXGroup;
			children = (
				E28213269B9ED345F8A8AFE2 /* Data */,
				26DCE637B0DEBF3C5F3F6615 /* Domain */,
			);
			path = Intake;
			sourceTree = "<group>";
		};
		FF5BBE1905D4691028AA70B2 /* ContentPacks */ = {
			isa = PBXGroup;
			children = (
				B5E1DB4CC4D6015FB9FD6023 /* Data */,
				C7053EEBA89E637BD7575BCC /* Domain */,
			);
			path = ContentPacks;
			sourceTree = "<group>";
		};
/* End PBXGroup section */

/* Begin PBXNativeTarget section */
		54B39B311C0813067854D57C /* DogCoachStudioUITests */ = {
			isa = PBXNativeTarget;
			buildConfigurationList = 1382240D8A1D276D95B66ACE /* Build configuration list for PBXNativeTarget "DogCoachStudioUITests" */;
			buildPhases = (
				52A84312A73A669BC626C13E /* Sources */,
			);
			buildRules = (
			);
			dependencies = (
				ECC2E8A67DEDD83B824831E9 /* PBXTargetDependency */,
			);
			name = DogCoachStudioUITests;
			packageProductDependencies = (
			);
			productName = DogCoachStudioUITests;
			productReference = 48318355356265F4E2260B19 /* DogCoachStudioUITests.xctest */;
			productType = "com.apple.product-type.bundle.ui-testing";
		};
		BBFA6E665BAA09BA45BDA6C5 /* DogCoachStudioTests */ = {
			isa = PBXNativeTarget;
			buildConfigurationList = 93105EF21FF6BBD5F4EAB14A /* Build configuration list for PBXNativeTarget "DogCoachStudioTests" */;
			buildPhases = (
				EC00FBA1B136477C17FB8455 /* Sources */,
				2FE35D734DC69CF0D1D2D67A /* Resources */,
			);
			buildRules = (
			);
			dependencies = (
				980428BCAB0C14F96B5943D8 /* PBXTargetDependency */,
			);
			name = DogCoachStudioTests;
			packageProductDependencies = (
			);
			productName = DogCoachStudioTests;
			productReference = F1DEEB0E2712E87B9D6D3903 /* DogCoachStudioTests.xctest */;
			productType = "com.apple.product-type.bundle.unit-test";
		};
		D2EFA4B7FDFDFEB6691EDD27 /* DogCoachStudio */ = {
			isa = PBXNativeTarget;
			buildConfigurationList = 2BD69BB22030E9AB527E81F4 /* Build configuration list for PBXNativeTarget "DogCoachStudio" */;
			buildPhases = (
				350EF4F159ADEC5FE75539A7 /* Sources */,
				3973562464078B4C4FBC1299 /* Resources */,
			);
			buildRules = (
			);
			dependencies = (
			);
			name = DogCoachStudio;
			packageProductDependencies = (
			);
			productName = DogCoachStudio;
			productReference = 1DDD604D4BBA62EDDB6D68F9 /* DogCoachStudio.app */;
			productType = "com.apple.product-type.application";
		};
/* End PBXNativeTarget section */

/* Begin PBXProject section */
		07662834752A091DEE85B20C /* Project object */ = {
			isa = PBXProject;
			attributes = {
				BuildIndependentTargetsInParallel = YES;
				LastUpgradeCheck = 1430;
				TargetAttributes = {
					54B39B311C0813067854D57C = {
						TestTargetID = D2EFA4B7FDFDFEB6691EDD27;
					};
				};
			};
			buildConfigurationList = 85C2857654BDA16F39F0DDED /* Build configuration list for PBXProject "DogCoachStudio" */;
			developmentRegion = en;
			hasScannedForEncodings = 0;
			knownRegions = (
				Base,
				de,
				en,
			);
			mainGroup = 2FB3CBB8EE5F47AF1E903D48;
			minimizedProjectReferenceProxies = 1;
			preferredProjectObjectVersion = 77;
			productRefGroup = D524B72D0B21B71268E3CAE8 /* Products */;
			projectDirPath = "";
			projectRoot = "";
			targets = (
				D2EFA4B7FDFDFEB6691EDD27 /* DogCoachStudio */,
				BBFA6E665BAA09BA45BDA6C5 /* DogCoachStudioTests */,
				54B39B311C0813067854D57C /* DogCoachStudioUITests */,
			);
		};
/* End PBXProject section */

/* Begin PBXResourcesBuildPhase section */
		2FE35D734DC69CF0D1D2D67A /* Resources */ = {
			isa = PBXResourcesBuildPhase;
			buildActionMask = 2147483647;
			files = (
				BB960F7EFBDA60B453465C1C /* schema-v1.json in Resources */,
			);
			runOnlyForDeploymentPostprocessing = 0;
		};
		3973562464078B4C4FBC1299 /* Resources */ = {
			isa = PBXResourcesBuildPhase;
			buildActionMask = 2147483647;
			files = (
				C2F8FE5341CBB7676F835905 /* Assets.xcassets in Resources */,
				9DB7992786859AB78EFAA18C /* Localizable.xcstrings in Resources */,
				46B37345AABD161378F26965 /* Products.storekit in Resources */,
				29D9C2B57AB2801D0A9F4DFC /* content-pack-v1.schema.json in Resources */,
				F576FE63EDDBBC20DF0BFA3E /* foundation-v1.json in Resources */,
			);
			runOnlyForDeploymentPostprocessing = 0;
		};
/* End PBXResourcesBuildPhase section */

/* Begin PBXSourcesBuildPhase section */
		350EF4F159ADEC5FE75539A7 /* Sources */ = {
			isa = PBXSourcesBuildPhase;
			buildActionMask = 2147483647;
			files = (
				38F72C392A824AD5DC15B739 /* AppDependencies.swift in Sources */,
				CA573E57CC321142660B8FB2 /* AppEnvironment.swift in Sources */,
				F391C41E1463A1BA44DDCD95 /* AppError.swift in Sources */,
				22531DCD926CAE9F159B6C96 /* AppLock.swift in Sources */,
				B69EE2CFAA5F78385AF52EA7 /* CatalogDomain.swift in Sources */,
				C3D1797C7033E3F6BFDC7B50 /* CatalogRootView.swift in Sources */,
				E72C058E24998D2896A916DA /* CodableAttribute.swift in Sources */,
				8068D705E16004C8D6776D66 /* ContentModels.swift in Sources */,
				44F8B6D6B75FDA022E1077B7 /* ContentPackDocument.swift in Sources */,
				05080A031D41209288FEE148 /* ContentPackImporter.swift in Sources */,
				6267DC3DADEA876F2DDD00F3 /* DataBackupService.swift in Sources */,
				8A7F8896AFDB395CDA76B7CC /* DataControlRootView.swift in Sources */,
				E7DFE5473FA0F1F463BA412D /* DataLifecycleService.swift in Sources */,
				FD54058D6426803B31AB7E0F /* DemoDataSeeder.swift in Sources */,
				2686DBBE4757BC2A91A7F420 /* DemoScenario.swift in Sources */,
				FF8A9740F2AAD7791BD7F898 /* Diagnostics.swift in Sources */,
				A7C243B40470C03AF7A5B06C /* DogCoachSchemaV1.swift in Sources */,
				BBD555FC70A7825E1F4C7D6A /* DogCoachStudioApp.swift in Sources */,
				F31CBA4EF166D3113AD89082 /* DogPhotoSupport.swift in Sources */,
				4F763CF87738D87CE65FF6A3 /* EntitlementDomain.swift in Sources */,
				ACCE6628673B8EFD868032D7 /* ExerciseRepository.swift in Sources */,
				D1ED9AEDAE4BC7114E199FFC /* IntakeDraft.swift in Sources */,
				6797CB573184F2F1140DB97B /* IntakeDraftAutosave.swift in Sources */,
				EFCBF166A5F83E9E7AA762AD /* IntakeRepository.swift in Sources */,
				413AB901617200BCE87360ED /* ModelContainerFactory.swift in Sources */,
				A1CE1DFFADED43921874453D /* PackageDomain.swift in Sources */,
				DD0B2990C92425279BC5DA37 /* PackageLedgerRepository.swift in Sources */,
				94EE5AA54AEDC1A0050A5DF9 /* PackageModels.swift in Sources */,
				B8005EB287D53974B6925E5F /* PackagesRootView.swift in Sources */,
				A3AD33E2D7E227B8DB121D3C /* PaywallView.swift in Sources */,
				2345A297F92747C6D69C0855 /* PeopleDetails.swift in Sources */,
				616FF0CB0785D276DD611313 /* PeopleDomain.swift in Sources */,
				CEF44A83BF141B6B9DB8B4B3 /* PeopleEditors.swift in Sources */,
				FC901E3C80C6D441F0C23FE0 /* PeopleFeatureModel.swift in Sources */,
				228B93EFB64B3C7897D81556 /* PeopleModels.swift in Sources */,
				49A805372FB785BDFB36F92C /* PeopleRootView.swift in Sources */,
				ADA11D189DD10120A408ACAF /* PeopleUseCases.swift in Sources */,
				C759F59766D2126E4A0B4F00 /* PeopleWorkflowEditors.swift in Sources */,
				880593F7336DDBE4FF33937E /* PersistenceProvider.swift in Sources */,
				06A1CFFE5AB13C93661D2A87 /* PoCCompletionService.swift in Sources */,
				7469E745397BFC73B8106A2D /* PoCModels.swift in Sources */,
				5CA569B292C6590F48B9AC4F /* ReportComposer.swift in Sources */,
				0534CECAC47EA9D08150CA8C /* ReportExporter.swift in Sources */,
				39933592660F3889FBAA87A2 /* ReportRepository.swift in Sources */,
				A14F7C1690CFF45F78D5CCD5 /* Repository.swift in Sources */,
				C13517CBA8083C23CB039D6C /* ScheduledSessionRepository.swift in Sources */,
				B7074C55E58BB90CD9A8FC87 /* SchemaV1Validators.swift in Sources */,
				E914A4814F0BB27DD471C266 /* SessionCompletionModel.swift in Sources */,
				0091AF0456D228842D186C2C /* SessionCompletionService.swift in Sources */,
				4D57BDF82D2807089C6DDB28 /* SessionCompletionView.swift in Sources */,
				4629A66F0EC301C22461B412 /* SessionDomain.swift in Sources */,
				37999A4EDC52C5AEC1653907 /* SessionModels.swift in Sources */,
				86EB16609ECD3B5E64D97106 /* SessionsRootView.swift in Sources */,
				AD3D3442055D8A7E5F9FF617 /* StoreManager.swift in Sources */,
				4D6772E59B47C0A0A08C83EE /* SwiftDataPeopleRepository.swift in Sources */,
				9389605DE98CF2BF28A374D4 /* SyncSpike.swift in Sources */,
				EC0A99A923C7A2998927A85E /* TemplateDomain.swift in Sources */,
				1A4254C45A09AFC83C4FCFB6 /* TrainingGoal.swift in Sources */,
				E86C6DF785FEAE0A5F82781E /* TrainingGoalRepository.swift in Sources */,
				3C12B975302EB46D929694FA /* TrainingTemplateRepository.swift in Sources */,
			);
			runOnlyForDeploymentPostprocessing = 0;
		};
		52A84312A73A669BC626C13E /* Sources */ = {
			isa = PBXSourcesBuildPhase;
			buildActionMask = 2147483647;
			files = (
				0740D4D889634086C2E93A02 /* MarketingScreenshotTests.swift in Sources */,
				7B14166B2EB2E4AF9E033E0B /* Phase0CompletionSmokeTests.swift in Sources */,
				F955346A4E191EB70F3C8A12 /* Phase2PeopleFlowTests.swift in Sources */,
				1E4CCEA3972E393A8114AA30 /* Phase3CatalogFlowTests.swift in Sources */,
				A1EE960466C582460A1EA927 /* Phase4SessionFlowTests.swift in Sources */,
				92B19D09FDF2694556970B2D /* Phase5PackagesFlowTests.swift in Sources */,
				A14D773D2EF4CD697E08B4C8 /* Phase6DataControlTests.swift in Sources */,
				A5C19F14540A09A60137507D /* Phase7PaywallTests.swift in Sources */,
			);
			runOnlyForDeploymentPostprocessing = 0;
		};
		EC00FBA1B136477C17FB8455 /* Sources */ = {
			isa = PBXSourcesBuildPhase;
			buildActionMask = 2147483647;
			files = (
				C6ADBA0307CD74EB67307ED1 /* AppEnvironmentInjectionTests.swift in Sources */,
				F506A364E609FCA5FEC8A51C /* AppErrorMappingTests.swift in Sources */,
				8017E1694EC7A2648397ED43 /* AppLockTests.swift in Sources */,
				1FF66A24B4A10A392FB6D5E2 /* CatalogPhase3Tests.swift in Sources */,
				AD9F6A8BC760ADFD1BB50428 /* ClientDogRoleTests.swift in Sources */,
				623056E769B16DC312060E62 /* CommerceAndCatalogTests.swift in Sources */,
				5A92D6DD1AA625219F6363D2 /* DataControlTests.swift in Sources */,
				64774025D1F2F70B8078D2FF /* DiagnosticExportTests.swift in Sources */,
				68EC44231A54C3A01E9FD573 /* DogPhotoStoreTests.swift in Sources */,
				97C9A4079F5E991C5C71A63D /* IntakeDraftTests.swift in Sources */,
				E5D3CC15AE6CE987B0179E51 /* PackageAndReportTests.swift in Sources */,
				F93A01BF348570A62059959F /* PeopleUseCasesTests.swift in Sources */,
				FDFC79EAC68EE5B9B285E39E /* SchemaV1PersistenceTests.swift in Sources */,
				E43B17DE455751EB66104A6D /* SchemaV1ValidatorTests.swift in Sources */,
				AF2FCBE353819619C92CB40E /* SessionCompletionPoCTests.swift in Sources */,
				9E029F0EA2E54C4B9D5351C4 /* SessionPhase4Tests.swift in Sources */,
				EF032B6120CF62E16072BAA3 /* SyncAndHardeningTests.swift in Sources */,
				E544D134D26110635B59264B /* TrainingGoalTests.swift in Sources */,
			);
			runOnlyForDeploymentPostprocessing = 0;
		};
/* End PBXSourcesBuildPhase section */

/* Begin PBXTargetDependency section */
		980428BCAB0C14F96B5943D8 /* PBXTargetDependency */ = {
			isa = PBXTargetDependency;
			target = D2EFA4B7FDFDFEB6691EDD27 /* DogCoachStudio */;
			targetProxy = 9CD10524F67D210053A3747E /* PBXContainerItemProxy */;
		};
		ECC2E8A67DEDD83B824831E9 /* PBXTargetDependency */ = {
			isa = PBXTargetDependency;
			target = D2EFA4B7FDFDFEB6691EDD27 /* DogCoachStudio */;
			targetProxy = D74A9DABBF2335F1254B7056 /* PBXContainerItemProxy */;
		};
/* End PBXTargetDependency section */

/* Begin XCBuildConfiguration section */
		2554F26531963164D29E1039 /* Debug */ = {
			isa = XCBuildConfiguration;
			buildSettings = {
				BUNDLE_LOADER = "$(TEST_HOST)";
				LD_RUNPATH_SEARCH_PATHS = (
					"$(inherited)",
					"@executable_path/Frameworks",
					"@loader_path/Frameworks",
				);
				PRODUCT_BUNDLE_IDENTIFIER = studio.dogcoach.phase0.uitests;
				SDKROOT = iphoneos;
				TARGETED_DEVICE_FAMILY = "1,2";
				TEST_TARGET_NAME = DogCoachStudio;
			};
			name = Debug;
		};
		4FA941DA30AC25DCC4F7117B /* Release */ = {
			isa = XCBuildConfiguration;
			buildSettings = {
				ASSETCATALOG_COMPILER_APPICON_NAME = AppIcon;
				ASSETCATALOG_COMPILER_GENERATE_SWIFT_ASSET_SYMBOL_EXTENSIONS = YES;
				CODE_SIGN_IDENTITY = "iPhone Developer";
				INFOPLIST_KEY_CFBundleDisplayName = "DogCoach Studio";
				INFOPLIST_KEY_NSCameraUsageDescription = "Take a profile photo for a dog.";
				INFOPLIST_KEY_NSFaceIDUsageDescription = "Unlock DogCoach Studio and protect private training data.";
				INFOPLIST_KEY_NSPhotoLibraryUsageDescription = "Choose a profile photo for a dog.";
				INFOPLIST_KEY_UIApplicationSupportsIndirectInputEvents = YES;
				INFOPLIST_KEY_UILaunchScreen_Generation = YES;
				LD_RUNPATH_SEARCH_PATHS = (
					"$(inherited)",
					"@executable_path/Frameworks",
				);
				PRODUCT_BUNDLE_IDENTIFIER = studio.dogcoach.phase0;
				PRODUCT_MODULE_NAME = DogCoachStudio;
				SDKROOT = iphoneos;
				TARGETED_DEVICE_FAMILY = "1,2";
			};
			name = Release;
		};
		810265CA6A78FBD8C77B792F /* Debug */ = {
			isa = XCBuildConfiguration;
			buildSettings = {
				ALWAYS_SEARCH_USER_PATHS = NO;
				CLANG_ANALYZER_NONNULL = YES;
				CLANG_ANALYZER_NUMBER_OBJECT_CONVERSION = YES_AGGRESSIVE;
				CLANG_CXX_LANGUAGE_STANDARD = "gnu++14";
				CLANG_CXX_LIBRARY = "libc++";
				CLANG_ENABLE_MODULES = YES;
				CLANG_ENABLE_OBJC_ARC = YES;
				CLANG_ENABLE_OBJC_WEAK = YES;
				CLANG_WARN_BLOCK_CAPTURE_AUTORELEASING = YES;
				CLANG_WARN_BOOL_CONVERSION = YES;
				CLANG_WARN_COMMA = YES;
				CLANG_WARN_CONSTANT_CONVERSION = YES;
				CLANG_WARN_DEPRECATED_OBJC_IMPLEMENTATIONS = YES;
				CLANG_WARN_DIRECT_OBJC_ISA_USAGE = YES_ERROR;
				CLANG_WARN_DOCUMENTATION_COMMENTS = YES;
				CLANG_WARN_EMPTY_BODY = YES;
				CLANG_WARN_ENUM_CONVERSION = YES;
				CLANG_WARN_INFINITE_RECURSION = YES;
				CLANG_WARN_INT_CONVERSION = YES;
				CLANG_WARN_NON_LITERAL_NULL_CONVERSION = YES;
				CLANG_WARN_OBJC_IMPLICIT_RETAIN_SELF = YES;
				CLANG_WARN_OBJC_LITERAL_CONVERSION = YES;
				CLANG_WARN_OBJC_ROOT_CLASS = YES_ERROR;
				CLANG_WARN_QUOTED_INCLUDE_IN_FRAMEWORK_HEADER = YES;
				CLANG_WARN_RANGE_LOOP_ANALYSIS = YES;
				CLANG_WARN_STRICT_PROTOTYPES = YES;
				CLANG_WARN_SUSPICIOUS_MOVE = YES;
				CLANG_WARN_UNGUARDED_AVAILABILITY = YES_AGGRESSIVE;
				CLANG_WARN_UNREACHABLE_CODE = YES;
				CLANG_WARN__DUPLICATE_METHOD_MATCH = YES;
				CODE_SIGNING_ALLOWED = NO;
				COPY_PHASE_STRIP = NO;
				DEBUG_INFORMATION_FORMAT = dwarf;
				ENABLE_STRICT_OBJC_MSGSEND = YES;
				ENABLE_TESTABILITY = YES;
				GCC_C_LANGUAGE_STANDARD = gnu11;
				GCC_DYNAMIC_NO_PIC = NO;
				GCC_NO_COMMON_BLOCKS = YES;
				GCC_OPTIMIZATION_LEVEL = 0;
				GCC_PREPROCESSOR_DEFINITIONS = (
					"$(inherited)",
					"DEBUG=1",
				);
				GCC_WARN_64_TO_32_BIT_CONVERSION = YES;
				GCC_WARN_ABOUT_RETURN_TYPE = YES_ERROR;
				GCC_WARN_UNDECLARED_SELECTOR = YES;
				GCC_WARN_UNINITIALIZED_AUTOS = YES_AGGRESSIVE;
				GCC_WARN_UNUSED_FUNCTION = YES;
				GCC_WARN_UNUSED_VARIABLE = YES;
				GENERATE_INFOPLIST_FILE = YES;
				IPHONEOS_DEPLOYMENT_TARGET = 18.0;
				LOCALIZATION_PREFERS_STRING_CATALOGS = YES;
				MTL_ENABLE_DEBUG_INFO = INCLUDE_SOURCE;
				MTL_FAST_MATH = YES;
				ONLY_ACTIVE_ARCH = YES;
				PRODUCT_NAME = "$(TARGET_NAME)";
				SDKROOT = iphoneos;
				SWIFT_ACTIVE_COMPILATION_CONDITIONS = DEBUG;
				SWIFT_EMIT_LOC_STRINGS = YES;
				SWIFT_OPTIMIZATION_LEVEL = "-Onone";
				SWIFT_STRICT_CONCURRENCY = complete;
				SWIFT_VERSION = 6.0;
				TARGETED_DEVICE_FAMILY = "1,2";
			};
			name = Debug;
		};
		8E2EE379623118DB4BC2150E /* Debug */ = {
			isa = XCBuildConfiguration;
			buildSettings = {
				ASSETCATALOG_COMPILER_APPICON_NAME = AppIcon;
				ASSETCATALOG_COMPILER_GENERATE_SWIFT_ASSET_SYMBOL_EXTENSIONS = YES;
				CODE_SIGN_IDENTITY = "iPhone Developer";
				INFOPLIST_KEY_CFBundleDisplayName = "DogCoach Studio";
				INFOPLIST_KEY_NSCameraUsageDescription = "Take a profile photo for a dog.";
				INFOPLIST_KEY_NSFaceIDUsageDescription = "Unlock DogCoach Studio and protect private training data.";
				INFOPLIST_KEY_NSPhotoLibraryUsageDescription = "Choose a profile photo for a dog.";
				INFOPLIST_KEY_UIApplicationSupportsIndirectInputEvents = YES;
				INFOPLIST_KEY_UILaunchScreen_Generation = YES;
				LD_RUNPATH_SEARCH_PATHS = (
					"$(inherited)",
					"@executable_path/Frameworks",
				);
				PRODUCT_BUNDLE_IDENTIFIER = studio.dogcoach.phase0;
				PRODUCT_MODULE_NAME = DogCoachStudio;
				SDKROOT = iphoneos;
				TARGETED_DEVICE_FAMILY = "1,2";
			};
			name = Debug;
		};
		930CBF9F53A3685D3FB53760 /* Debug */ = {
			isa = XCBuildConfiguration;
			buildSettings = {
				BUNDLE_LOADER = "$(TEST_HOST)";
				LD_RUNPATH_SEARCH_PATHS = (
					"$(inherited)",
					"@executable_path/Frameworks",
					"@loader_path/Frameworks",
				);
				PRODUCT_BUNDLE_IDENTIFIER = studio.dogcoach.phase0.tests;
				SDKROOT = iphoneos;
				TARGETED_DEVICE_FAMILY = "1,2";
				TEST_HOST = "$(BUILT_PRODUCTS_DIR)/DogCoachStudio.app/DogCoachStudio";
			};
			name = Debug;
		};
		A1047179BF8D64744B627A86 /* Release */ = {
			isa = XCBuildConfiguration;
			buildSettings = {
				BUNDLE_LOADER = "$(TEST_HOST)";
				LD_RUNPATH_SEARCH_PATHS = (
					"$(inherited)",
					"@executable_path/Frameworks",
					"@loader_path/Frameworks",
				);
				PRODUCT_BUNDLE_IDENTIFIER = studio.dogcoach.phase0.tests;
				SDKROOT = iphoneos;
				TARGETED_DEVICE_FAMILY = "1,2";
				TEST_HOST = "$(BUILT_PRODUCTS_DIR)/DogCoachStudio.app/DogCoachStudio";
			};
			name = Release;
		};
		A4478AFC2B83F43B52430354 /* Release */ = {
			isa = XCBuildConfiguration;
			buildSettings = {
				ALWAYS_SEARCH_USER_PATHS = NO;
				CLANG_ANALYZER_NONNULL = YES;
				CLANG_ANALYZER_NUMBER_OBJECT_CONVERSION = YES_AGGRESSIVE;
				CLANG_CXX_LANGUAGE_STANDARD = "gnu++14";
				CLANG_CXX_LIBRARY = "libc++";
				CLANG_ENABLE_MODULES = YES;
				CLANG_ENABLE_OBJC_ARC = YES;
				CLANG_ENABLE_OBJC_WEAK = YES;
				CLANG_WARN_BLOCK_CAPTURE_AUTORELEASING = YES;
				CLANG_WARN_BOOL_CONVERSION = YES;
				CLANG_WARN_COMMA = YES;
				CLANG_WARN_CONSTANT_CONVERSION = YES;
				CLANG_WARN_DEPRECATED_OBJC_IMPLEMENTATIONS = YES;
				CLANG_WARN_DIRECT_OBJC_ISA_USAGE = YES_ERROR;
				CLANG_WARN_DOCUMENTATION_COMMENTS = YES;
				CLANG_WARN_EMPTY_BODY = YES;
				CLANG_WARN_ENUM_CONVERSION = YES;
				CLANG_WARN_INFINITE_RECURSION = YES;
				CLANG_WARN_INT_CONVERSION = YES;
				CLANG_WARN_NON_LITERAL_NULL_CONVERSION = YES;
				CLANG_WARN_OBJC_IMPLICIT_RETAIN_SELF = YES;
				CLANG_WARN_OBJC_LITERAL_CONVERSION = YES;
				CLANG_WARN_OBJC_ROOT_CLASS = YES_ERROR;
				CLANG_WARN_QUOTED_INCLUDE_IN_FRAMEWORK_HEADER = YES;
				CLANG_WARN_RANGE_LOOP_ANALYSIS = YES;
				CLANG_WARN_STRICT_PROTOTYPES = YES;
				CLANG_WARN_SUSPICIOUS_MOVE = YES;
				CLANG_WARN_UNGUARDED_AVAILABILITY = YES_AGGRESSIVE;
				CLANG_WARN_UNREACHABLE_CODE = YES;
				CLANG_WARN__DUPLICATE_METHOD_MATCH = YES;
				CODE_SIGNING_ALLOWED = NO;
				COPY_PHASE_STRIP = NO;
				DEBUG_INFORMATION_FORMAT = "dwarf-with-dsym";
				ENABLE_NS_ASSERTIONS = NO;
				ENABLE_STRICT_OBJC_MSGSEND = YES;
				GCC_C_LANGUAGE_STANDARD = gnu11;
				GCC_NO_COMMON_BLOCKS = YES;
				GCC_WARN_64_TO_32_BIT_CONVERSION = YES;
				GCC_WARN_ABOUT_RETURN_TYPE = YES_ERROR;
				GCC_WARN_UNDECLARED_SELECTOR = YES;
				GCC_WARN_UNINITIALIZED_AUTOS = YES_AGGRESSIVE;
				GCC_WARN_UNUSED_FUNCTION = YES;
				GCC_WARN_UNUSED_VARIABLE = YES;
				GENERATE_INFOPLIST_FILE = YES;
				IPHONEOS_DEPLOYMENT_TARGET = 18.0;
				LOCALIZATION_PREFERS_STRING_CATALOGS = YES;
				MTL_ENABLE_DEBUG_INFO = NO;
				MTL_FAST_MATH = YES;
				PRODUCT_NAME = "$(TARGET_NAME)";
				SDKROOT = iphoneos;
				SWIFT_COMPILATION_MODE = wholemodule;
				SWIFT_EMIT_LOC_STRINGS = YES;
				SWIFT_OPTIMIZATION_LEVEL = "-O";
				SWIFT_STRICT_CONCURRENCY = complete;
				SWIFT_VERSION = 6.0;
				TARGETED_DEVICE_FAMILY = "1,2";
			};
			name = Release;
		};
		E4495F2942A93197AF087330 /* Release */ = {
			isa = XCBuildConfiguration;
			buildSettings = {
				BUNDLE_LOADER = "$(TEST_HOST)";
				LD_RUNPATH_SEARCH_PATHS = (
					"$(inherited)",
					"@executable_path/Frameworks",
					"@loader_path/Frameworks",
				);
				PRODUCT_BUNDLE_IDENTIFIER = studio.dogcoach.phase0.uitests;
				SDKROOT = iphoneos;
				TARGETED_DEVICE_FAMILY = "1,2";
				TEST_TARGET_NAME = DogCoachStudio;
			};
			name = Release;
		};
/* End XCBuildConfiguration section */

/* Begin XCConfigurationList section */
		1382240D8A1D276D95B66ACE /* Build configuration list for PBXNativeTarget "DogCoachStudioUITests" */ = {
			isa = XCConfigurationList;
			buildConfigurations = (
				2554F26531963164D29E1039 /* Debug */,
				E4495F2942A93197AF087330 /* Release */,
			);
			defaultConfigurationIsVisible = 0;
			defaultConfigurationName = Debug;
		};
		2BD69BB22030E9AB527E81F4 /* Build configuration list for PBXNativeTarget "DogCoachStudio" */ = {
			isa = XCConfigurationList;
			buildConfigurations = (
				8E2EE379623118DB4BC2150E /* Debug */,
				4FA941DA30AC25DCC4F7117B /* Release */,
			);
			defaultConfigurationIsVisible = 0;
			defaultConfigurationName = Debug;
		};
		85C2857654BDA16F39F0DDED /* Build configuration list for PBXProject "DogCoachStudio" */ = {
			isa = XCConfigurationList;
			buildConfigurations = (
				810265CA6A78FBD8C77B792F /* Debug */,
				A4478AFC2B83F43B52430354 /* Release */,
			);
			defaultConfigurationIsVisible = 0;
			defaultConfigurationName = Debug;
		};
		93105EF21FF6BBD5F4EAB14A /* Build configuration list for PBXNativeTarget "DogCoachStudioTests" */ = {
			isa = XCConfigurationList;
			buildConfigurations = (
				930CBF9F53A3685D3FB53760 /* Debug */,
				A1047179BF8D64744B627A86 /* Release */,
			);
			defaultConfigurationIsVisible = 0;
			defaultConfigurationName = Debug;
		};
/* End XCConfigurationList section */
	};
	rootObject = 07662834752A091DEE85B20C /* Project object */;
}
